
Microsoft Visual Studio Solution File, Format Version 12.00
# Visual Studio 15
Project("{FAE04EC0-301F-11D3-BF4B-00C04F79EFBC}") = "Assembly-CSharp", "Assembly-CSharp.csproj", "{3E03CD92-245C-EAAA-6A98-5F9E7E2A33B1}"
EndProject
Project("{FAE04EC0-301F-11D3-BF4B-00C04F79EFBC}") = "Assembly-CSharp-Editor", "Assembly-CSharp-Editor.csproj", "{AC1B4F94-0DE5-C264-08D7-03A733F48B25}"
EndProject
Global
	GlobalSection(SolutionConfigurationPlatforms) = preSolution
		Debug|Any CPU = Debug|Any CPU
		Release|Any CPU = Release|Any CPU
	EndGlobalSection
	GlobalSection(ProjectConfigurationPlatforms) = postSolution
		{3E03CD92-245C-EAAA-6A98-5F9E7E2A33B1}.Debug|Any CPU.ActiveCfg = Debug|Any CPU
		{3E03CD92-245C-EAAA-6A98-5F9E7E2A33B1}.Debug|Any CPU.Build.0 = Debug|Any CPU
		{3E03CD92-245C-EAAA-6A98-5F9E7E2A33B1}.Release|Any CPU.ActiveCfg = Release|Any CPU
		{3E03CD92-245C-EAAA-6A98-5F9E7E2A33B1}.Release|Any CPU.Build.0 = Release|Any CPU
		{AC1B4F94-0DE5-C264-08D7-03A733F48B25}.Debug|Any CPU.ActiveCfg = Debug|Any CPU
		{AC1B4F94-0DE5-C264-08D7-03A733F48B25}.Debug|Any CPU.Build.0 = Debug|Any CPU
		{AC1B4F94-0DE5-C264-08D7-03A733F48B25}.Release|Any CPU.ActiveCfg = Release|Any CPU
		{AC1B4F94-0DE5-C264-08D7-03A733F48B25}.Release|Any CPU.Build.0 = Release|Any CPU
	EndGlobalSection
	GlobalSection(SolutionProperties) = preSolution
		HideSolutionNode = FALSE
	EndGlobalSection
EndGlobal
